---
version: 2
identity:
  problem_id: navier-stokes
  branch_id: euler-mirror-chat20
  artifact_id: route-lock-navier-stokes-euler-mirror
  updated_on: '2026-05-21'
  generator: codex-euler-ontology-repair
governing_object_law:
  status: active
  summary: >-
    The governing Euler mirror object is not a smooth one-field Navier-Stokes
    class with viscosity removed. It is an inviscid flux-volume and
    momentum-pressure object: distributional incompressible Euler plus local
    flux balance. Smoothness, Lagrangian carriers, and one-field coherence are
    regularity upgrades, not base membership requirements. Pressure participation
    means incompressibility/normal compatibility, not viscous entrainment or
    one-carrier response. Energy/admissibility rules may be added as a separate
    theorem layer, but they are not viscosity.
  primitive_laws:
  - Eulerian flux-volume law
  - distributional Euler momentum-pressure law
  primitive_membership_surface:
  - problems/navier-stokes/euler-mirror/theorem-construction/mpp-euler-class-membership-flux-volume-definition.md
  pressure_nonparticipation_witness:
  - problems/navier-stokes/euler-mirror/theorem-construction/mpp-euler-pressure-nonparticipation-vortex-sheet-witness-20260517.md
  smooth_data_to_nonsmooth_bridge:
  - problems/navier-stokes/euler-mirror/theorem-construction/mpp-smooth-data-to-euler-nonsmooth-bridge-20260517.md
  endpoint_cover_taxonomy:
  - problems/navier-stokes/theorem-construction/mpp-endpoint-cover-taxonomy-dead-blown-jump-slip-map-20260517.md
  ns_attack_map:
  - problems/navier-stokes/theorem-construction/mpp-euler-control-case-to-ns-attack-map-20260517.md
  fixed_datum_classical_boundary_reference:
  - Chen-Hou boundary/axisymmetric smooth-data blowup: https://arxiv.org/abs/2210.07191
  - Chen-Hou rigorous numerics companion: https://arxiv.org/abs/2305.05660
  ns_cm_dual_surface:
  - problems/navier-stokes/theorem-construction/mpp-ns-cm-smoothness-euler-dual-regularity-map-20260516.md
  ns_cm_dual_rule: >-
    Shared flux-volume Pack failure is a class exit for both Euler and
    Navier-Stokes. NS Part/Field smoothness mechanisms split from Euler
    pressure participation: pressure/incompressibility compatibility may hold
    while slip, jet-shear, dead-relative-to-carrier, or jump-like one-field
    failure persists. NS mechanisms do not define weak Euler membership.
  removed_as_primitives:
  - NS pressure-viscosity participation law / Part
  - NS one-field coherence law / Field
  - Lagrangian Pack as a base membership condition
  optional_regular_structures:
  - admissibility or energy/circulation selection rules when explicitly chosen
  - Euler pressure-participation vocabulary only as incompressibility/normal-flux compatibility
  - Lagrangian carrier when velocity regularity supplies a flow map
  - positive-scale field coherence when proved as an Euler regularity theorem
  - continuation/compactness controls earned on the Euler equation itself
  endpoint_reading:
    dead: legacy NS participation-side readout; on Euler it is a live stronger-carrier failure mode, not contradiction of pressure incompressibility
    blown: legacy smooth-flow or Lagrangian-carrier failure readout; not base Euler membership failure
    jump: legacy one-field regularity failure readout, including tangential slip / slip-sheet behavior; compatible with weak Euler membership unless an added Euler regularity theorem excludes it
equation_fidelity:
  parent_surface: classical incompressible Navier-Stokes
  mirrored_surface: incompressible Euler in weak/distributional flux-volume form
  parent_term_removed: nu Delta u
  preserve_pressure: true
  preserve_incompressibility: true
  preserve_flow_map: optional-regularity-only
  preserve_bridge_order: comparison-only
  preserve_closed_loop_feedback: false
  prohibit_silent_branch_switch: true
  explicit_holdout_rule: >-
    Any proof step whose current statement uses viscosity, dissipation,
    diffusion, heat observability, Stokes structure, Lagrangian smooth-flow
    charts, viscous participation, or one-field coherence must either be
    retyped as an optional Euler regularity theorem or left marked as a holdout.
object_law_route_lock_sentence: >-
  The Euler mirror is governed by Euler-native membership:
  Member_E(Q)=EVol_Q(u) and EMom_Q(u,p). The mirror may compare itself to the
  parent Pack / Part / Field route, but it must not preserve Part or Field as
  primitive Euler membership faces, and it must not let pressure alone imply
  one-field participation.
mirror_theorem_queue:
- keep the source-locked contradiction note written literally with the Euler weak equation and flux-volume membership
- use the smooth shear-layer bridge as a singular-limit route to the slip-sheet witness, not as fixed-datum blow-up
- keep fixed-datum classical blowup split by domain: boundary/axisymmetric known externally, no-boundary smooth finite-energy still open
- use Euler as a control case for the NS attack map: slip/vortex-sheet targets Field/Jump first, Dead and Blown only through their typed rows/cross-entries
- treat old `CFI.A` as a regularity-forward-invariance candidate, not base membership preservation
- treat old `OFP.A` as an optional one-field regularity theorem, not a membership theorem
- classify the parent receiver chain `RSCB.NKF -> NKF.Native -> ACT.KX -> ACT.X-Readout -> ACT.A -> RCF.A -> LCI.A` as comparison authority only
- classify the expanded `ACT.KX` cells `ACT.X-Cut + ACT.X-Press + ACT.X-MidRaw + ACT.X-TopVisc => ACT.KX` as non-importable NS receiver machinery
- rebuild any Euler smoothness claim as a regularity upgrade from Member_E plus earned Euler controls
- only after the Euler membership layer is honest may downstream exact-potential, Hodge, selector, or Euclidean export branches be mirrored
holistic_scenario_separation_lock:
  status: active
  authority_surface: problems/navier-stokes/euler-mirror/theorem-construction/euler-ns-viscosity-scenario-separation-map-20260521.md
  governing_readback: >-
    The Euler mirror now separates every repo-visible Euler/NS contact point into
    smooth-or-regularity-conditional cases, nonsmooth-or-not-forced-smooth cases,
    and explicit viscosity jobs. Base Member_E is equation fidelity only. The
    clean nonsmooth control case is pressure-compatible tangential slip / one-field
    failure. Viscosity is doing proof labor as shear participation, lower-collar
    sink, ACT.KX scheduler, top-viscous supplier, dyadic damping, parabolic
    observability, and fixed-nu class discriminator.
  readback_sentence: >-
    Euler meets NS smoothly only under stated classical or regularity hypotheses;
    Euler also meets NS through base Member_E nonsmooth slip/jump/defect scenarios.
    The branch must split those cases before using any comparison theorem.
active_next_theorem_target:
  target_id: ELCI.CP.A-Separation
  authority_surface: problems/navier-stokes/euler-mirror/theorem-construction/mpp-lower-carrier-interval-integrability-theorem-program.md
  attempt_surface: problems/navier-stokes/euler-mirror/theorem-construction/mpp-elci-a-direct-transport-pressure-attempt-20260519.md
  scenario_map_surface: problems/navier-stokes/euler-mirror/theorem-construction/euler-ns-viscosity-scenario-separation-map-20260521.md
  comparison_source_chain: >-
    RSCB.NKF -> NKF.Native -> ACT.KX -> ACT.X-Readout -> ACT.A -> RCF.A -> LCI.A
  expanded_parent_break: >-
    NKF.Native + NKF.Ann + NKF.Quad => ACT.X-Press, then
    ACT.X-Cut + ACT.X-Press + ACT.X-MidRaw + ACT.X-TopVisc => ACT.KX,
    followed by ACT.KX + ACT.X-Scale + RWS.C_scale => ACT.X-Readout.
  exact_burden: >-
    Split the branch-local Euler center/oscillation/pressure ledger statement
    L_E_ctr = A_E_ctr + Omega_E_osc + Pi_E_ctr into its honest scenario classes:
    prove L1 integrability on the same finite transported Euler cover under the
    exact additional EReg / ELag / EAdm / pressure-control hypotheses needed, and
    exhibit or route base Member_E slip, jump, or defect-boundary scenarios where
    that integrability is not forced. The May 19 direct attempt closed the packet
    inequality and Gronwall step once this ledger is integrable; the May 21
    scenario map forbids treating that supplier as automatic from inviscid
    membership.
  allowed_ingredients:
  - fixed-cover transport geometry
  - transported-center carrier and oscillation estimates
  - Euler pressure Poisson response
  - initial lower-collar packet finiteness
  forbidden_imports:
  - parent c_nu N absorption
  - parent 2nu lower-collar dissipation
  - ACT.X-TopVisc / top-viscous readout
  - unchanged RSCB.NKF -> NKF.Native import
  - downstream ACT.X-Readout, ACT.A, RCF.A, or LCI.A before ELCI.A
  readback_sentence: >-
    Chat20's next theorem target is ELCI.CP.A-Separation: split the Euler
    center/oscillation/pressure ledger into the regularity-conditional cases
    where it is L1 and the base Member_E nonsmooth cases where L1 is not forced,
    without ACT.KX / ACT.X-TopVisc / 2nu absorption.
current_receiver_and_holdout_surfaces:
  branch_local_receiver_slot:
  - problems/navier-stokes/euler-mirror/theorem-construction/mpp-lower-carrier-interval-integrability-theorem-program.md
  parent_source_wall:
  - problems/navier-stokes/theorem-construction/mpp-lower-carrier-interval-integrability-theorem-program.md
  parent_receiver_upgrade:
  - problems/navier-stokes/theorem-construction/mpp-retained-window-native-forcing-theorem-program.md
  - problems/navier-stokes/theorem-construction/mpp-act-kx-conditional-route-completion-packet.md
  - problems/navier-stokes/theorem-construction/mpp-act-kx-hidden-spending-audit-note.md
  expanded_receiver_break: >-
    The Euler mirror may preserve the order
    `RSCB.NKF -> NKF.Native -> ACT.KX -> ACT.X-Readout -> ACT.A -> RCF.A -> LCI.A`
    only as comparison order. The chain cannot be an Euler membership proof
    because `ACT.KX` spends the `c_nu N` / `2nu` absorption budget and
    `ACT.X-TopVisc` / top-viscous readout, and because the whole row assumes the
    NS-style one-field/participation package now demoted to regularity support.
  downstream_viscous_packets:
  - problems/navier-stokes/theorem-construction/mpp-lci-a-fixed-increment-top-viscous-readout-note.md
  viscous_center_supplier_packets:
  - problems/navier-stokes/theorem-construction/mpp-lci-a-first-rung-viscous-center-supplier-note.md
  parabolic_heat_packets:
  - problems/navier-stokes/theorem-construction/exact-potential-v2-static-diffusion-heat-plus-perturbation-split.md
